
Microsoft Visual Studio Solution File, Format Version 12.00
# Visual Studio Version 16
VisualStudioVersion = 16.0.30907.101
MinimumVisualStudioVersion = 10.0.40219.1
Project("{FAE04EC0-301F-11D3-BF4B-00C04F79EFBC}") = "SudokuSharp", "SudokuSharp\SudokuSharp.csproj", "{D2AFED1E-4487-4B59-976D-F28B669CF08C}"
EndProject
Global
	GlobalSection(SolutionConfigurationPlatforms) = preSolution
		Debug|Any CPU = Debug|Any CPU
		Release|Any CPU = Release|Any CPU
	EndGlobalSection
	GlobalSection(ProjectConfigurationPlatforms) = postSolution
		{D2AFED1E-4487-4B59-976D-F28B669CF08C}.Debug|Any CPU.ActiveCfg = Debug|Any CPU
		{D2AFED1E-4487-4B59-976D-F28B669CF08C}.Debug|Any CPU.Build.0 = Debug|Any CPU
		{D2AFED1E-4487-4B59-976D-F28B669CF08C}.Release|Any CPU.ActiveCfg = Release|Any CPU
		{D2AFED1E-4487-4B59-976D-F28B669CF08C}.Release|Any CPU.Build.0 = Release|Any CPU
	EndGlobalSection
	GlobalSection(SolutionProperties) = preSolution
		HideSolutionNode = FALSE
	EndGlobalSection
	GlobalSection(ExtensibilityGlobals) = postSolution
		SolutionGuid = {AF332A8B-F4AD-4472-B0C6-72A6D5E51450}
	EndGlobalSection
EndGlobal
